// !$*UTF8*$!
{
	archiveVersion = 1;
	classes = {
	};
	objectVersion = 46;
	objects = {

/* Begin PBXBuildFile section */
		F6B4E3281DDE6462005939E9 /* AppDelegate.swift in Sources */ = {isa = PBXBuildFile; fileRef = F6B4E3271DDE6462005939E9 /* AppDelegate.swift */; };
		F6B4E32A1DDE6462005939E9 /* ViewController.swift in Sources */ = {isa = PBXBuildFile; fileRef = F6B4E3291DDE6462005939E9 /* ViewController.swift */; };
		F6B4E32D1DDE6462005939E9 /* Main.storyboard in Resources */ = {isa = PBXBuildFile; fileRef = F6B4E32B1DDE6462005939E9 /* Main.storyboard */; };
		F6B4E32F1DDE6462005939E9 /* Assets.xcassets in Resources */ = {isa = PBXBuildFile; fileRef = F6B4E32E1DDE6462005939E9 /* Assets.xcassets */; };
		F6B4E3321DDE6462005939E9 /* LaunchScreen.storyboard in Resources */ = {isa = PBXBuildFile; fileRef = F6B4E3301DDE6462005939E9 /* LaunchScreen.storyboard */; };
/* End PBXBuildFile section */

/* Begin PBXFileReference section */
		F6B4E3241DDE6461005939E9 /* Phone Book Example.app */ = {isa = PBXFileReference; explicitFileType = wrapper.application; includeInIndex = 0; path = "Phone Book Example.app"; sourceTree = BUILT_PRODUCTS_DIR; };
		F6B4E3271DDE6462005939E9 /* AppDelegate.swift */ = {isa = PBXFileReference; lastKnownFileType = sourcecode.swift; path = AppDelegate.swift; sourceTree = "<group>"; };
		F6B4E3291DDE6462005939E9 /* ViewController.swift */ = {isa = PBXFileReference; lastKnownFileType = sourcecode.swift; path = ViewController.swift; sourceTree = "<group>"; };
		F6B4E32C1DDE6462005939E9 /* Base */ = {isa = PBXFileReference; lastKnownFileType = file.storyboard; name = Base; path = Base.lproj/Main.storyboard; sourceTree = "<group>"; };
		F6B4E32E1DDE6462005939E9 /* Assets.xcassets */ = {isa = PBXFileReference; lastKnownFileType = folder.assetcatalog; path = Assets.xcassets; sourceTree = "<group>"; };
		F6B4E3311DDE6462005939E9 /* Base */ = {isa = PBXFileReference; lastKnownFileType = file.storyboard; name = Base; path = Base.lproj/LaunchScreen.storyboard; sourceTree = "<group>"; };
		F6B4E3331DDE6462005939E9 /* Info.plist */ = {isa = PBXFileReference; lastKnownFileType = text.plist.xml; path = Info.plist; sourceTree = "<group>"; };
/* End PBXFileReference section */

/* Begin PBXFrameworksBuildPhase section */
		F6B4E3211DDE6461005939E9 /* Frameworks */ = {
			isa = PBXFrameworksBuildPhase;
			buildActionMask = 2147483647;
			files = (
			);
			runOnlyForDeploymentPostprocessing = 0;
		};
/* End PBXFrameworksBuildPhase section */

/* Begin PBXGroup section */
		F6B4E31B1DDE6461005939E9 = {
			isa = PBXGroup;
			children = (
				F6B4E3261DDE6461005939E9 /* Phone Book Example */,
				F6B4E3251DDE6461005939E9 /* Products */,
			);
			sourceTree = "<group>";
		};
		F6B4E3251DDE6461005939E9 /* Products */ = {
			isa = PBXGroup;
			children = (
				F6B4E3241DDE6461005939E9 /* Phone Book Example.app */,
			);
			name = Products;
			sourceTree = "<group>";
		};
		F6B4E3261DDE6461005939E9 /* Phone Book Example */ = {
			isa = PBXGroup;
			children = (
				F6B4E3271DDE6462005939E9 /* AppDelegate.swift */,
				F6B4E3291DDE6462005939E9 /* ViewController.swift */,
				F6B4E32B1DDE6462005939E9 /* Main.storyboard */,
				F6B4E32E1DDE6462005939E9 /* Assets.xcassets */,
				F6B4E3301DDE6462005939E9 /* LaunchScreen.storyboard */,
				F6B4E3331DDE6462005939E9 /* Info.plist */,
			);
			path = "Phone Book Example";
			sourceTree = "<group>";
		};
/* End PBXGroup section */

/* Begin PBXNativeTarget section */
		F6B4E3231DDE6461005939E9 /* Phone Book Example */ = {
			isa = PBXNativeTarget;
			buildConfigurationList = F6B4E3361DDE6462005939E9 /* Build configuration list for PBXNativeTarget "Phone Book Example" */;
			buildPhases = (
				F6B4E3201DDE6461005939E9 /* Sources */,
				F6B4E3211DDE6461005939E9 /* Frameworks */,
				F6B4E3221DDE6461005939E9 /* Resources */,
			);
			buildRules = (
			);
			dependencies = (
			);
			name = "Phone Book Example";
			productName = "Phone Book Example";
			productReference = F6B4E3241DDE6461005939E9 /* Phone Book Example.app */;
			productType = "com.apple.product-type.application";
		};
/* End PBXNativeTarget section */

/* Begin PBXProject section */
		F6B4E31C1DDE6461005939E9 /* Project object */ = {
			isa = PBXProject;
			attributes = {
				LastSwiftUpdateCheck = 0810;
				LastUpgradeCheck = 0810;
				ORGANIZATIONNAME = "Dana Young";
				TargetAttributes = {
					F6B4E3231DDE6461005939E9 = {
						CreatedOnToolsVersion = 8.1;
						DevelopmentTeam = TM6XBY9XW2;
						ProvisioningStyle = Automatic;
					};
				};
			};
			buildConfigurationList = F6B4E31F1DDE6461005939E9 /* Build configuration list for PBXProject "Phone Book Example" */;
			compatibilityVersion = "Xcode 3.2";
			developmentRegion = English;
			hasScannedForEncodings = 0;
			knownRegions = (
				en,
				Base,
			);
			mainGroup = F6B4E31B1DDE6461005939E9;
			productRefGroup = F6B4E3251DDE6461005939E9 /* Products */;
			projectDirPath = "";
			projectRoot = "";
			targets = (
				F6B4E3231DDE6461005939E9 /* Phone Book Example */,
			);
		};
/* End PBXProject section */

/* Begin PBXResourcesBuildPhase section */
		F6B4E3221DDE6461005939E9 /* Resources */ = {
			isa = PBXResourcesBuildPhase;
			buildActionMask = 2147483647;
			files = (
				F6B4E3321DDE6462005939E9 /* LaunchScreen.storyboard in Resources */,
				F6B4E32F1DDE6462005939E9 /* Assets.xcassets in Resources */,
				F6B4E32D1DDE6462005939E9 /* Main.storyboard in Resources */,
			);
			runOnlyForDeploymentPostprocessing = 0;
		};
/* End PBXResourcesBuildPhase section */

/* Begin PBXSourcesBuildPhase section */
		F6B4E3201DDE6461005939E9 /* Sources */ = {
			isa = PBXSourcesBuildPhase;
			buildActionMask = 2147483647;
			files = (
				F6B4E32A1DDE6462005939E9 /* ViewController.swift in Sources */,
				F6B4E3281DDE6462005939E9 /* AppDelegate.swift in Sources */,
			);
			runOnlyForDeploymentPostprocessing = 0;
		};
/* End PBXSourcesBuildPhase section */

/* Begin PBXVariantGroup section */
		F6B4E32B1DDE6462005939E9 /* Main.storyboard */ = {
			isa = PBXVariantGroup;
			children = (
				F6B4E32C1DDE6462005939E9 /* Base */,
			);
			name = Main.storyboard;
			sourceTree = "<group>";
		};
		F6B4E3301DDE6462005939E9 /* LaunchScreen.storyboard */ = {
			isa = PBXVariantGroup;
			children = (
				F6B4E3311DDE6462005939E9 /* Base */,
			);
			name = LaunchScreen.storyboard;
			sourceTree = "<group>";
		};
/* End PBXVariantGroup section */

/* Begin XCBuildConfiguration section */
		F6B4E3341DDE6462005939E9 /* Debug */ = {
			isa = XCBuildConfiguration;
			buildSettings = {
				ALWAYS_SEARCH_USER_PATHS = NO;
				CLANG_ANALYZER_NONNULL = YES;
				CLANG_CXX_LANGUAGE_STANDARD = "gnu++0x";
				CLANG_CXX_LIBRARY = "libc++";
				CLANG_ENABLE_MODULES = YES;
				CLANG_ENABLE_OBJC_ARC = YES;
				CLANG_WARN_BOOL_CONVERSION = YES;
				CLANG_WARN_CONSTANT_CONVERSION = YES;
				CLANG_WARN_DIRECT_OBJC_ISA_USAGE = YES_ERROR;
				CLANG_WARN_DOCUMENTATION_COMMENTS = YES;
				CLANG_WARN_EMPTY_BODY = YES;
				CLANG_WARN_ENUM_CONVERSION = YES;
				CLANG_WARN_INFINITE_RECURSION = YES;
				CLANG_WARN_INT_CONVERSION = YES;
				CLANG_WARN_OBJC_ROOT_CLASS = YES_ERROR;
				CLANG_WARN_SUSPICIOUS_MOVES = YES;
				CLANG_WARN_UNREACHABLE_CODE = YES;
				CLANG_WARN__DUPLICATE_METHOD_MATCH = YES;
				"CODE_SIGN_IDENTITY[sdk=iphoneos*]" = "iPhone Developer";
				COPY_PHASE_STRIP = NO;
				DEBUG_INFORMATION_FORMAT = dwarf;
				ENABLE_STRICT_OBJC_MSGSEND = YES;
				ENABLE_TESTABILITY = YES;
				GCC_C_LANGUAGE_STANDARD = gnu99;
				GCC_DYNAMIC_NO_PIC = NO;
				GCC_NO_COMMON_BLOCKS = YES;
				GCC_OPTIMIZATION_LEVEL = 0;
				GCC_PREPROCESSOR_DEFINITIONS = (
					"DEBUG=1",
					"$(inherited)",
				);
				GCC_WARN_64_TO_32_BIT_CONVERSION = YES;
				GCC_WARN_ABOUT_RETURN_TYPE = YES_ERROR;
				GCC_WARN_UNDECLARED_SELECTOR = YES;
				GCC_WARN_UNINITIALIZED_AUTOS = YES_AGGRESSIVE;
				GCC_WARN_UNUSED_FUNCTION = YES;
				GCC_WARN_UNUSED_VARIABLE = YES;
				IPHONEOS_DEPLOYMENT_TARGET = 10.1;
				MTL_ENABLE_DEBUG_INFO = YES;
				ONLY_ACTIVE_ARCH = YES;
				SDKROOT = iphoneos;
				SWIFT_ACTIVE_COMPILATION_CONDITIONS = DEBUG;
				SWIFT_OPTIMIZATION_LEVEL = "-Onone";
				TARGETED_DEVICE_FAMILY = "1,2";
			};
			name = Debug;
		};
		F6B4E3351DDE6462005939E9 /* Release */ = {
			isa = XCBuildConfiguration;
			buildSettings = {
				ALWAYS_SEARCH_USER_PATHS = NO;
				CLANG_ANALYZER_NONNULL = YES;
				CLANG_CXX_LANGUAGE_STANDARD = "gnu++0x";
				CLANG_CXX_LIBRARY = "libc++";
				CLANG_ENABLE_MODULES = YES;
				CLANG_ENABLE_OBJC_ARC = YES;
				CLANG_WARN_BOOL_CONVERSION = YES;
				CLANG_WARN_CONSTANT_CONVERSION = YES;
				CLANG_WARN_DIRECT_OBJC_ISA_USAGE = YES_ERROR;
				CLANG_WARN_DOCUMENTATION_COMMENTS = YES;
				CLANG_WARN_EMPTY_BODY = YES;
				CLANG_WARN_ENUM_CONVERSION = YES;
				CLANG_WARN_INFINITE_RECURSION = YES;
				CLANG_WARN_INT_CONVERSION = YES;
				CLANG_WARN_OBJC_ROOT_CLASS = YES_ERROR;
				CLANG_WARN_SUSPICIOUS_MOVES = YES;
				CLANG_WARN_UNREACHABLE_CODE = YES;
				CLANG_WARN__DUPLICATE_METHOD_MATCH = YES;
				"CODE_SIGN_IDENTITY[sdk=iphoneos*]" = "iPhone Developer";
				COPY_PHASE_STRIP = NO;
				DEBUG_INFORMATION_FORMAT = "dwarf-with-dsym";
				ENABLE_NS_ASSERTIONS = NO;
				ENABLE_STRICT_OBJC_MSGSEND = YES;
				GCC_C_LANGUAGE_STANDARD = gnu99;
				GCC_NO_COMMON_BLOCKS = YES;
				GCC_WARN_64_TO_32_BIT_CONVERSION = YES;
				GCC_WARN_ABOUT_RETURN_TYPE = YES_ERROR;
				GCC_WARN_UNDECLARED_SELECTOR = YES;
				GCC_WARN_UNINITIALIZED_AUTOS = YES_AGGRESSIVE;
				GCC_WARN_UNUSED_FUNCTION = YES;
				GCC_WARN_UNUSED_VARIABLE = YES;
				IPHONEOS_DEPLOYMENT_TARGET = 10.1;
				MTL_ENABLE_DEBUG_INFO = NO;
				SDKROOT = iphoneos;
				SWIFT_OPTIMIZATION_LEVEL = "-Owholemodule";
				TARGETED_DEVICE_FAMILY = "1,2";
				VALIDATE_PRODUCT = YES;
			};
			name = Release;
		};
		F6B4E3371DDE6462005939E9 /* Debug */ = {
			isa = XCBuildConfiguration;
			buildSettings = {
				ASSETCATALOG_COMPILER_APPICON_NAME = AppIcon;
				DEVELOPMENT_TEAM = TM6XBY9XW2;
				INFOPLIST_FILE = "Phone Book Example/Info.plist";
				LD_RUNPATH_SEARCH_PATHS = "$(inherited) @executable_path/Frameworks";
				PRODUCT_BUNDLE_IDENTIFIER = "young.dana.Phone-Book-Example";
				PRODUCT_NAME = "$(TARGET_NAME)";
				SWIFT_VERSION = 3.0;
			};
			name = Debug;
		};
		F6B4E3381DDE6462005939E9 /* Release */ = {
			isa = XCBuildConfiguration;
			buildSettings = {
				ASSETCATALOG_COMPILER_APPICON_NAME = AppIcon;
				DEVELOPMENT_TEAM = TM6XBY9XW2;
				INFOPLIST_FILE = "Phone Book Example/Info.plist";
				LD_RUNPATH_SEARCH_PATHS = "$(inherited) @executable_path/Frameworks";
				PRODUCT_BUNDLE_IDENTIFIER = "young.dana.Phone-Book-Example";
				PRODUCT_NAME = "$(TARGET_NAME)";
				SWIFT_VERSION = 3.0;
			};
			name = Release;
		};
/* End XCBuildConfiguration section */

/* Begin XCConfigurationList section */
		F6B4E31F1DDE6461005939E9 /* Build configuration list for PBXProject "Phone Book Example" */ = {
			isa = XCConfigurationList;
			buildConfigurations = (
				F6B4E3341DDE6462005939E9 /* Debug */,
				F6B4E3351DDE6462005939E9 /* Release */,
			);
			defaultConfigurationIsVisible = 0;
			defaultConfigurationName = Release;
		};
		F6B4E3361DDE6462005939E9 /* Build configuration list for PBXNativeTarget "Phone Book Example" */ = {
			isa = XCConfigurationList;
			buildConfigurations = (
				F6B4E3371DDE6462005939E9 /* Debug */,
				F6B4E3381DDE6462005939E9 /* Release */,
			);
			defaultConfigurationIsVisible = 0;
		};
/* End XCConfigurationList section */
	};
	rootObject = F6B4E31C1DDE6461005939E9 /* Project object */;
}
